
Microsoft Visual Studio Solution File, Format Version 12.00
# Visual Studio 14
VisualStudioVersion = 14.0.25420.1
MinimumVisualStudioVersion = 10.0.40219.1
Project("{FAE04EC0-301F-11D3-BF4B-00C04F79EFBC}") = "WinSetupDemo", "WinSetupDemo\WinSetupDemo\WinSetupDemo.csproj", "{2C1F35BA-26B5-406C-82F9-27C8ABFC2583}"
EndProject
Project("{FAE04EC0-301F-11D3-BF4B-00C04F79EFBC}") = "WinSetupDemo.Droid", "WinSetupDemo\WinSetupDemo.Droid\WinSetupDemo.Droid.csproj", "{D5F93E30-E240-4B3D-9C78-D9993C054C64}"
EndProject
Project("{FAE04EC0-301F-11D3-BF4B-00C04F79EFBC}") = "WinSetupDemo.iOS", "WinSetupDemo\WinSetupDemo.iOS\WinSetupDemo.iOS.csproj", "{BA1DA745-DBF4-4490-9EEB-89164F05EDE1}"
EndProject
Project("{FAE04EC0-301F-11D3-BF4B-00C04F79EFBC}") = "WinSetupDemo.WinPhone", "WinSetupDemo\WinSetupDemo.WinPhone\WinSetupDemo.WinPhone.csproj", "{A51B14CC-B3D6-4EA9-84EF-AEAFFDC822AA}"
EndProject
Project("{FAE04EC0-301F-11D3-BF4B-00C04F79EFBC}") = "WinSetupDemo.UWP", "WinSetupDemo\WinSetupDemo.UWP\WinSetupDemo.UWP.csproj", "{EEC5C5C6-EED9-43D3-9E03-371D1926327F}"
EndProject
Project("{FAE04EC0-301F-11D3-BF4B-00C04F79EFBC}") = "WinSetupDemo.Windows", "WinSetupDemo\WinSetupDemo.Windows\WinSetupDemo.Windows.csproj", "{827A0E47-7C15-4DDC-BB81-04528190672A}"
EndProject
Global
	GlobalSection(SolutionConfigurationPlatforms) = preSolution
		Ad-Hoc|Any CPU = Ad-Hoc|Any CPU
		Ad-Hoc|ARM = Ad-Hoc|ARM
		Ad-Hoc|iPhone = Ad-Hoc|iPhone
		Ad-Hoc|iPhoneSimulator = Ad-Hoc|iPhoneSimulator
		Ad-Hoc|x64 = Ad-Hoc|x64
		Ad-Hoc|x86 = Ad-Hoc|x86
		AppStore|Any CPU = AppStore|Any CPU
		AppStore|ARM = AppStore|ARM
		AppStore|iPhone = AppStore|iPhone
		AppStore|iPhoneSimulator = AppStore|iPhoneSimulator
		AppStore|x64 = AppStore|x64
		AppStore|x86 = AppStore|x86
		Debug|Any CPU = Debug|Any CPU
		Debug|ARM = Debug|ARM
		Debug|iPhone = Debug|iPhone
		Debug|iPhoneSimulator = Debug|iPhoneSimulator
		Debug|x64 = Debug|x64
		Debug|x86 = Debug|x86
		Release|Any CPU = Release|Any CPU
		Release|ARM = Release|ARM
		Release|iPhone = Release|iPhone
		Release|iPhoneSimulator = Release|iPhoneSimulator
		Release|x64 = Release|x64
		Release|x86 = Release|x86
	EndGlobalSection
	GlobalSection(ProjectConfigurationPlatforms) = postSolution
		{2C1F35BA-26B5-406C-82F9-27C8ABFC2583}.Ad-Hoc|Any CPU.ActiveCfg = Release|Any CPU
		{2C1F35BA-26B5-406C-82F9-27C8ABFC2583}.Ad-Hoc|Any CPU.Build.0 = Release|Any CPU
		{2C1F35BA-26B5-406C-82F9-27C8ABFC2583}.Ad-Hoc|ARM.ActiveCfg = Release|Any CPU
		{2C1F35BA-26B5-406C-82F9-27C8ABFC2583}.Ad-Hoc|ARM.Build.0 = Release|Any CPU
		{2C1F35BA-26B5-406C-82F9-27C8ABFC2583}.Ad-Hoc|iPhone.ActiveCfg = Release|Any CPU
		{2C1F35BA-26B5-406C-82F9-27C8ABFC2583}.Ad-Hoc|iPhone.Build.0 = Release|Any CPU
		{2C1F35BA-26B5-406C-82F9-27C8ABFC2583}.Ad-Hoc|iPhoneSimulator.ActiveCfg = Release|Any CPU
		{2C1F35BA-26B5-406C-82F9-27C8ABFC2583}.Ad-Hoc|iPhoneSimulator.Build.0 = Release|Any CPU
		{2C1F35BA-26B5-406C-82F9-27C8ABFC2583}.Ad-Hoc|x64.ActiveCfg = Release|Any CPU
		{2C1F35BA-26B5-406C-82F9-27C8ABFC2583}.Ad-Hoc|x64.Build.0 = Release|Any CPU
		{2C1F35BA-26B5-406C-82F9-27C8ABFC2583}.Ad-Hoc|x86.ActiveCfg = Release|Any CPU
		{2C1F35BA-26B5-406C-82F9-27C8ABFC2583}.Ad-Hoc|x86.Build.0 = Release|Any CPU
		{2C1F35BA-26B5-406C-82F9-27C8ABFC2583}.AppStore|Any CPU.ActiveCfg = Release|Any CPU
		{2C1F35BA-26B5-406C-82F9-27C8ABFC2583}.AppStore|Any CPU.Build.0 = Release|Any CPU
		{2C1F35BA-26B5-406C-82F9-27C8ABFC2583}.AppStore|ARM.ActiveCfg = Release|Any CPU
		{2C1F35BA-26B5-406C-82F9-27C8ABFC2583}.AppStore|ARM.Build.0 = Release|Any CPU
		{2C1F35BA-26B5-406C-82F9-27C8ABFC2583}.AppStore|iPhone.ActiveCfg = Release|Any CPU
		{2C1F35BA-26B5-406C-82F9-27C8ABFC2583}.AppStore|iPhone.Build.0 = Release|Any CPU
		{2C1F35BA-26B5-406C-82F9-27C8ABFC2583}.AppStore|iPhoneSimulator.ActiveCfg = Release|Any CPU
		{2C1F35BA-26B5-406C-82F9-27C8ABFC2583}.AppStore|iPhoneSimulator.Build.0 = Release|Any CPU
		{2C1F35BA-26B5-406C-82F9-27C8ABFC2583}.AppStore|x64.ActiveCfg = Release|Any CPU
		{2C1F35BA-26B5-406C-82F9-27C8ABFC2583}.AppStore|x64.Build.0 = Release|Any CPU
		{2C1F35BA-26B5-406C-82F9-27C8ABFC2583}.AppStore|x86.ActiveCfg = Release|Any CPU
		{2C1F35BA-26B5-406C-82F9-27C8ABFC2583}.AppStore|x86.Build.0 = Release|Any CPU
		{2C1F35BA-26B5-406C-82F9-27C8ABFC2583}.Debug|Any CPU.ActiveCfg = Debug|Any CPU
		{2C1F35BA-26B5-406C-82F9-27C8ABFC2583}.Debug|Any CPU.Build.0 = Debug|Any CPU
		{2C1F35BA-26B5-406C-82F9-27C8ABFC2583}.Debug|ARM.ActiveCfg = Debug|Any CPU
		{2C1F35BA-26B5-406C-82F9-27C8ABFC2583}.Debug|ARM.Build.0 = Debug|Any CPU
		{2C1F35BA-26B5-406C-82F9-27C8ABFC2583}.Debug|iPhone.ActiveCfg = Debug|Any CPU
		{2C1F35BA-26B5-406C-82F9-27C8ABFC2583}.Debug|iPhone.Build.0 = Debug|Any CPU
		{2C1F35BA-26B5-406C-82F9-27C8ABFC2583}.Debug|iPhoneSimulator.ActiveCfg = Debug|Any CPU
		{2C1F35BA-26B5-406C-82F9-27C8ABFC2583}.Debug|iPhoneSimulator.Build.0 = Debug|Any CPU
		{2C1F35BA-26B5-406C-82F9-27C8ABFC2583}.Debug|x64.ActiveCfg = Debug|Any CPU
		{2C1F35BA-26B5-406C-82F9-27C8ABFC2583}.Debug|x64.Build.0 = Debug|Any CPU
		{2C1F35BA-26B5-406C-82F9-27C8ABFC2583}.Debug|x86.ActiveCfg = Debug|Any CPU
		{2C1F35BA-26B5-406C-82F9-27C8ABFC2583}.Debug|x86.Build.0 = Debug|Any CPU
		{2C1F35BA-26B5-406C-82F9-27C8ABFC2583}.Release|Any CPU.ActiveCfg = Release|Any CPU
		{2C1F35BA-26B5-406C-82F9-27C8ABFC2583}.Release|Any CPU.Build.0 = Release|Any CPU
		{2C1F35BA-26B5-406C-82F9-27C8ABFC2583}.Release|ARM.ActiveCfg = Release|Any CPU
		{2C1F35BA-26B5-406C-82F9-27C8ABFC2583}.Release|ARM.Build.0 = Release|Any CPU
		{2C1F35BA-26B5-406C-82F9-27C8ABFC2583}.Release|iPhone.ActiveCfg = Release|Any CPU
		{2C1F35BA-26B5-406C-82F9-27C8ABFC2583}.Release|iPhone.Build.0 = Release|Any CPU
		{2C1F35BA-26B5-406C-82F9-27C8ABFC2583}.Release|iPhoneSimulator.ActiveCfg = Release|Any CPU
		{2C1F35BA-26B5-406C-82F9-27C8ABFC2583}.Release|iPhoneSimulator.Build.0 = Release|Any CPU
		{2C1F35BA-26B5-406C-82F9-27C8ABFC2583}.Release|x64.ActiveCfg = Release|Any CPU
		{2C1F35BA-26B5-406C-82F9-27C8ABFC2583}.Release|x64.Build.0 = Release|Any CPU
		{2C1F35BA-26B5-406C-82F9-27C8ABFC2583}.Release|x86.ActiveCfg = Release|Any CPU
		{2C1F35BA-26B5-406C-82F9-27C8ABFC2583}.Release|x86.Build.0 = Release|Any CPU
		{D5F93E30-E240-4B3D-9C78-D9993C054C64}.Ad-Hoc|Any CPU.ActiveCfg = Release|Any CPU
		{D5F93E30-E240-4B3D-9C78-D9993C054C64}.Ad-Hoc|Any CPU.Build.0 = Release|Any CPU
		{D5F93E30-E240-4B3D-9C78-D9993C054C64}.Ad-Hoc|Any CPU.Deploy.0 = Release|Any CPU
		{D5F93E30-E240-4B3D-9C78-D9993C054C64}.Ad-Hoc|ARM.ActiveCfg = Release|Any CPU
		{D5F93E30-E240-4B3D-9C78-D9993C054C64}.Ad-Hoc|ARM.Build.0 = Release|Any CPU
		{D5F93E30-E240-4B3D-9C78-D9993C054C64}.Ad-Hoc|ARM.Deploy.0 = Release|Any CPU
		{D5F93E30-E240-4B3D-9C78-D9993C054C64}.Ad-Hoc|iPhone.ActiveCfg = Release|Any CPU
		{D5F93E30-E240-4B3D-9C78-D9993C054C64}.Ad-Hoc|iPhone.Build.0 = Release|Any CPU
		{D5F93E30-E240-4B3D-9C78-D9993C054C64}.Ad-Hoc|iPhone.Deploy.0 = Release|Any CPU
		{D5F93E30-E240-4B3D-9C78-D9993C054C64}.Ad-Hoc|iPhoneSimulator.ActiveCfg = Release|Any CPU
		{D5F93E30-E240-4B3D-9C78-D9993C054C64}.Ad-Hoc|iPhoneSimulator.Build.0 = Release|Any CPU
		{D5F93E30-E240-4B3D-9C78-D9993C054C64}.Ad-Hoc|iPhoneSimulator.Deploy.0 = Release|Any CPU
		{D5F93E30-E240-4B3D-9C78-D9993C054C64}.Ad-Hoc|x64.ActiveCfg = Release|Any CPU
		{D5F93E30-E240-4B3D-9C78-D9993C054C64}.Ad-Hoc|x64.Build.0 = Release|Any CPU
		{D5F93E30-E240-4B3D-9C78-D9993C054C64}.Ad-Hoc|x64.Deploy.0 = Release|Any CPU
		{D5F93E30-E240-4B3D-9C78-D9993C054C64}.Ad-Hoc|x86.ActiveCfg = Release|Any CPU
		{D5F93E30-E240-4B3D-9C78-D9993C054C64}.Ad-Hoc|x86.Build.0 = Release|Any CPU
		{D5F93E30-E240-4B3D-9C78-D9993C054C64}.Ad-Hoc|x86.Deploy.0 = Release|Any CPU
		{D5F93E30-E240-4B3D-9C78-D9993C054C64}.AppStore|Any CPU.ActiveCfg = Release|Any CPU
		{D5F93E30-E240-4B3D-9C78-D9993C054C64}.AppStore|Any CPU.Build.0 = Release|Any CPU
		{D5F93E30-E240-4B3D-9C78-D9993C054C64}.AppStore|Any CPU.Deploy.0 = Release|Any CPU
		{D5F93E30-E240-4B3D-9C78-D9993C054C64}.AppStore|ARM.ActiveCfg = Release|Any CPU
		{D5F93E30-E240-4B3D-9C78-D9993C054C64}.AppStore|ARM.Build.0 = Release|Any CPU
		{D5F93E30-E240-4B3D-9C78-D9993C054C64}.AppStore|ARM.Deploy.0 = Release|Any CPU
		{D5F93E30-E240-4B3D-9C78-D9993C054C64}.AppStore|iPhone.ActiveCfg = Release|Any CPU
		{D5F93E30-E240-4B3D-9C78-D9993C054C64}.AppStore|iPhone.Build.0 = Release|Any CPU
		{D5F93E30-E240-4B3D-9C78-D9993C054C64}.AppStore|iPhone.Deploy.0 = Release|Any CPU
		{D5F93E30-E240-4B3D-9C78-D9993C054C64}.AppStore|iPhoneSimulator.ActiveCfg = Release|Any CPU
		{D5F93E30-E240-4B3D-9C78-D9993C054C64}.AppStore|iPhoneSimulator.Build.0 = Release|Any CPU
		{D5F93E30-E240-4B3D-9C78-D9993C054C64}.AppStore|iPhoneSimulator.Deploy.0 = Release|Any CPU
		{D5F93E30-E240-4B3D-9C78-D9993C054C64}.AppStore|x64.ActiveCfg = Release|Any CPU
		{D5F93E30-E240-4B3D-9C78-D9993C054C64}.AppStore|x64.Build.0 = Release|Any CPU
		{D5F93E30-E240-4B3D-9C78-D9993C054C64}.AppStore|x64.Deploy.0 = Release|Any CPU
		{D5F93E30-E240-4B3D-9C78-D9993C054C64}.AppStore|x86.ActiveCfg = Release|Any CPU
		{D5F93E30-E240-4B3D-9C78-D9993C054C64}.AppStore|x86.Build.0 = Release|Any CPU
		{D5F93E30-E240-4B3D-9C78-D9993C054C64}.AppStore|x86.Deploy.0 = Release|Any CPU
		{D5F93E30-E240-4B3D-9C78-D9993C054C64}.Debug|Any CPU.ActiveCfg = Debug|Any CPU
		{D5F93E30-E240-4B3D-9C78-D9993C054C64}.Debug|Any CPU.Build.0 = Debug|Any CPU
		{D5F93E30-E240-4B3D-9C78-D9993C054C64}.Debug|Any CPU.Deploy.0 = Debug|Any CPU
		{D5F93E30-E240-4B3D-9C78-D9993C054C64}.Debug|ARM.ActiveCfg = Debug|Any CPU
		{D5F93E30-E240-4B3D-9C78-D9993C054C64}.Debug|ARM.Build.0 = Debug|Any CPU
		{D5F93E30-E240-4B3D-9C78-D9993C054C64}.Debug|ARM.Deploy.0 = Debug|Any CPU
		{D5F93E30-E240-4B3D-9C78-D9993C054C64}.Debug|iPhone.ActiveCfg = Debug|Any CPU
		{D5F93E30-E240-4B3D-9C78-D9993C054C64}.Debug|iPhone.Build.0 = Debug|Any CPU
		{D5F93E30-E240-4B3D-9C78-D9993C054C64}.Debug|iPhone.Deploy.0 = Debug|Any CPU
		{D5F93E30-E240-4B3D-9C78-D9993C054C64}.Debug|iPhoneSimulator.ActiveCfg = Debug|Any CPU
		{D5F93E30-E240-4B3D-9C78-D9993C054C64}.Debug|iPhoneSimulator.Build.0 = Debug|Any CPU
		{D5F93E30-E240-4B3D-9C78-D9993C054C64}.Debug|iPhoneSimulator.Deploy.0 = Debug|Any CPU
		{D5F93E30-E240-4B3D-9C78-D9993C054C64}.Debug|x64.ActiveCfg = Debug|Any CPU
		{D5F93E30-E240-4B3D-9C78-D9993C054C64}.Debug|x64.Build.0 = Debug|Any CPU
		{D5F93E30-E240-4B3D-9C78-D9993C054C64}.Debug|x64.Deploy.0 = Debug|Any CPU
		{D5F93E30-E240-4B3D-9C78-D9993C054C64}.Debug|x86.ActiveCfg = Debug|Any CPU
		{D5F93E30-E240-4B3D-9C78-D9993C054C64}.Debug|x86.Build.0 = Debug|Any CPU
		{D5F93E30-E240-4B3D-9C78-D9993C054C64}.Debug|x86.Deploy.0 = Debug|Any CPU
		{D5F93E30-E240-4B3D-9C78-D9993C054C64}.Release|Any CPU.ActiveCfg = Release|Any CPU
		{D5F93E30-E240-4B3D-9C78-D9993C054C64}.Release|Any CPU.Build.0 = Release|Any CPU
		{D5F93E30-E240-4B3D-9C78-D9993C054C64}.Release|Any CPU.Deploy.0 = Release|Any CPU
		{D5F93E30-E240-4B3D-9C78-D9993C054C64}.Release|ARM.ActiveCfg = Release|Any CPU
		{D5F93E30-E240-4B3D-9C78-D9993C054C64}.Release|ARM.Build.0 = Release|Any CPU
		{D5F93E30-E240-4B3D-9C78-D9993C054C64}.Release|ARM.Deploy.0 = Release|Any CPU
		{D5F93E30-E240-4B3D-9C78-D9993C054C64}.Release|iPhone.ActiveCfg = Release|Any CPU
		{D5F93E30-E240-4B3D-9C78-D9993C054C64}.Release|iPhone.Build.0 = Release|Any CPU
		{D5F93E30-E240-4B3D-9C78-D9993C054C64}.Release|iPhone.Deploy.0 = Release|Any CPU
		{D5F93E30-E240-4B3D-9C78-D9993C054C64}.Release|iPhoneSimulator.ActiveCfg = Release|Any CPU
		{D5F93E30-E240-4B3D-9C78-D9993C054C64}.Release|iPhoneSimulator.Build.0 = Release|Any CPU
		{D5F93E30-E240-4B3D-9C78-D9993C054C64}.Release|iPhoneSimulator.Deploy.0 = Release|Any CPU
		{D5F93E30-E240-4B3D-9C78-D9993C054C64}.Release|x64.ActiveCfg = Release|Any CPU
		{D5F93E30-E240-4B3D-9C78-D9993C054C64}.Release|x64.Build.0 = Release|Any CPU
		{D5F93E30-E240-4B3D-9C78-D9993C054C64}.Release|x64.Deploy.0 = Release|Any CPU
		{D5F93E30-E240-4B3D-9C78-D9993C054C64}.Release|x86.ActiveCfg = Release|Any CPU
		{D5F93E30-E240-4B3D-9C78-D9993C054C64}.Release|x86.Build.0 = Release|Any CPU
		{D5F93E30-E240-4B3D-9C78-D9993C054C64}.Release|x86.Deploy.0 = Release|Any CPU
		{BA1DA745-DBF4-4490-9EEB-89164F05EDE1}.Ad-Hoc|Any CPU.ActiveCfg = Ad-Hoc|iPhone
		{BA1DA745-DBF4-4490-9EEB-89164F05EDE1}.Ad-Hoc|ARM.ActiveCfg = Ad-Hoc|iPhone
		{BA1DA745-DBF4-4490-9EEB-89164F05EDE1}.Ad-Hoc|iPhone.ActiveCfg = Ad-Hoc|iPhone
		{BA1DA745-DBF4-4490-9EEB-89164F05EDE1}.Ad-Hoc|iPhone.Build.0 = Ad-Hoc|iPhone
		{BA1DA745-DBF4-4490-9EEB-89164F05EDE1}.Ad-Hoc|iPhoneSimulator.ActiveCfg = Ad-Hoc|iPhoneSimulator
		{BA1DA745-DBF4-4490-9EEB-89164F05EDE1}.Ad-Hoc|iPhoneSimulator.Build.0 = Ad-Hoc|iPhoneSimulator
		{BA1DA745-DBF4-4490-9EEB-89164F05EDE1}.Ad-Hoc|x64.ActiveCfg = Ad-Hoc|iPhone
		{BA1DA745-DBF4-4490-9EEB-89164F05EDE1}.Ad-Hoc|x86.ActiveCfg = Ad-Hoc|iPhone
		{BA1DA745-DBF4-4490-9EEB-89164F05EDE1}.AppStore|Any CPU.ActiveCfg = AppStore|iPhone
		{BA1DA745-DBF4-4490-9EEB-89164F05EDE1}.AppStore|ARM.ActiveCfg = AppStore|iPhone
		{BA1DA745-DBF4-4490-9EEB-89164F05EDE1}.AppStore|iPhone.ActiveCfg = AppStore|iPhone
		{BA1DA745-DBF4-4490-9EEB-89164F05EDE1}.AppStore|iPhone.Build.0 = AppStore|iPhone
		{BA1DA745-DBF4-4490-9EEB-89164F05EDE1}.AppStore|iPhoneSimulator.ActiveCfg = AppStore|iPhoneSimulator
		{BA1DA745-DBF4-4490-9EEB-89164F05EDE1}.AppStore|iPhoneSimulator.Build.0 = AppStore|iPhoneSimulator
		{BA1DA745-DBF4-4490-9EEB-89164F05EDE1}.AppStore|x64.ActiveCfg = AppStore|iPhone
		{BA1DA745-DBF4-4490-9EEB-89164F05EDE1}.AppStore|x86.ActiveCfg = AppStore|iPhone
		{BA1DA745-DBF4-4490-9EEB-89164F05EDE1}.Debug|Any CPU.ActiveCfg = Debug|iPhone
		{BA1DA745-DBF4-4490-9EEB-89164F05EDE1}.Debug|ARM.ActiveCfg = Debug|iPhone
		{BA1DA745-DBF4-4490-9EEB-89164F05EDE1}.Debug|iPhone.ActiveCfg = Debug|iPhone
		{BA1DA745-DBF4-4490-9EEB-89164F05EDE1}.Debug|iPhone.Build.0 = Debug|iPhone
		{BA1DA745-DBF4-4490-9EEB-89164F05EDE1}.Debug|iPhoneSimulator.ActiveCfg = Debug|iPhoneSimulator
		{BA1DA745-DBF4-4490-9EEB-89164F05EDE1}.Debug|iPhoneSimulator.Build.0 = Debug|iPhoneSimulator
		{BA1DA745-DBF4-4490-9EEB-89164F05EDE1}.Debug|x64.ActiveCfg = Debug|iPhone
		{BA1DA745-DBF4-4490-9EEB-89164F05EDE1}.Debug|x86.ActiveCfg = Debug|iPhone
		{BA1DA745-DBF4-4490-9EEB-89164F05EDE1}.Release|Any CPU.ActiveCfg = Release|iPhone
		{BA1DA745-DBF4-4490-9EEB-89164F05EDE1}.Release|ARM.ActiveCfg = Release|iPhone
		{BA1DA745-DBF4-4490-9EEB-89164F05EDE1}.Release|iPhone.ActiveCfg = Release|iPhone
		{BA1DA745-DBF4-4490-9EEB-89164F05EDE1}.Release|iPhone.Build.0 = Release|iPhone
		{BA1DA745-DBF4-4490-9EEB-89164F05EDE1}.Release|iPhoneSimulator.ActiveCfg = Release|iPhoneSimulator
		{BA1DA745-DBF4-4490-9EEB-89164F05EDE1}.Release|iPhoneSimulator.Build.0 = Release|iPhoneSimulator
		{BA1DA745-DBF4-4490-9EEB-89164F05EDE1}.Release|x64.ActiveCfg = Release|iPhone
		{BA1DA745-DBF4-4490-9EEB-89164F05EDE1}.Release|x86.ActiveCfg = Release|iPhone
		{A51B14CC-B3D6-4EA9-84EF-AEAFFDC822AA}.Ad-Hoc|Any CPU.ActiveCfg = Release|Any CPU
		{A51B14CC-B3D6-4EA9-84EF-AEAFFDC822AA}.Ad-Hoc|Any CPU.Build.0 = Release|Any CPU
		{A51B14CC-B3D6-4EA9-84EF-AEAFFDC822AA}.Ad-Hoc|Any CPU.Deploy.0 = Release|Any CPU
		{A51B14CC-B3D6-4EA9-84EF-AEAFFDC822AA}.Ad-Hoc|ARM.ActiveCfg = Release|ARM
		{A51B14CC-B3D6-4EA9-84EF-AEAFFDC822AA}.Ad-Hoc|ARM.Build.0 = Release|ARM
		{A51B14CC-B3D6-4EA9-84EF-AEAFFDC822AA}.Ad-Hoc|ARM.Deploy.0 = Release|ARM
		{A51B14CC-B3D6-4EA9-84EF-AEAFFDC822AA}.Ad-Hoc|iPhone.ActiveCfg = Release|Any CPU
		{A51B14CC-B3D6-4EA9-84EF-AEAFFDC822AA}.Ad-Hoc|iPhone.Build.0 = Release|Any CPU
		{A51B14CC-B3D6-4EA9-84EF-AEAFFDC822AA}.Ad-Hoc|iPhone.Deploy.0 = Release|Any CPU
		{A51B14CC-B3D6-4EA9-84EF-AEAFFDC822AA}.Ad-Hoc|iPhoneSimulator.ActiveCfg = Release|Any CPU
		{A51B14CC-B3D6-4EA9-84EF-AEAFFDC822AA}.Ad-Hoc|iPhoneSimulator.Build.0 = Release|Any CPU
		{A51B14CC-B3D6-4EA9-84EF-AEAFFDC822AA}.Ad-Hoc|iPhoneSimulator.Deploy.0 = Release|Any CPU
		{A51B14CC-B3D6-4EA9-84EF-AEAFFDC822AA}.Ad-Hoc|x64.ActiveCfg = Release|Any CPU
		{A51B14CC-B3D6-4EA9-84EF-AEAFFDC822AA}.Ad-Hoc|x64.Build.0 = Release|Any CPU
		{A51B14CC-B3D6-4EA9-84EF-AEAFFDC822AA}.Ad-Hoc|x64.Deploy.0 = Release|Any CPU
		{A51B14CC-B3D6-4EA9-84EF-AEAFFDC822AA}.Ad-Hoc|x86.ActiveCfg = Release|x86
		{A51B14CC-B3D6-4EA9-84EF-AEAFFDC822AA}.Ad-Hoc|x86.Build.0 = Release|x86
		{A51B14CC-B3D6-4EA9-84EF-AEAFFDC822AA}.Ad-Hoc|x86.Deploy.0 = Release|x86
		{A51B14CC-B3D6-4EA9-84EF-AEAFFDC822AA}.AppStore|Any CPU.ActiveCfg = Release|Any CPU
		{A51B14CC-B3D6-4EA9-84EF-AEAFFDC822AA}.AppStore|Any CPU.Build.0 = Release|Any CPU
		{A51B14CC-B3D6-4EA9-84EF-AEAFFDC822AA}.AppStore|Any CPU.Deploy.0 = Release|Any CPU
		{A51B14CC-B3D6-4EA9-84EF-AEAFFDC822AA}.AppStore|ARM.ActiveCfg = Release|ARM
		{A51B14CC-B3D6-4EA9-84EF-AEAFFDC822AA}.AppStore|ARM.Build.0 = Release|ARM
		{A51B14CC-B3D6-4EA9-84EF-AEAFFDC822AA}.AppStore|ARM.Deploy.0 = Release|ARM
		{A51B14CC-B3D6-4EA9-84EF-AEAFFDC822AA}.AppStore|iPhone.ActiveCfg = Release|Any CPU
		{A51B14CC-B3D6-4EA9-84EF-AEAFFDC822AA}.AppStore|iPhone.Build.0 = Release|Any CPU
		{A51B14CC-B3D6-4EA9-84EF-AEAFFDC822AA}.AppStore|iPhone.Deploy.0 = Release|Any CPU
		{A51B14CC-B3D6-4EA9-84EF-AEAFFDC822AA}.AppStore|iPhoneSimulator.ActiveCfg = Release|Any CPU
		{A51B14CC-B3D6-4EA9-84EF-AEAFFDC822AA}.AppStore|iPhoneSimulator.Build.0 = Release|Any CPU
		{A51B14CC-B3D6-4EA9-84EF-AEAFFDC822AA}.AppStore|iPhoneSimulator.Deploy.0 = Release|Any CPU
		{A51B14CC-B3D6-4EA9-84EF-AEAFFDC822AA}.AppStore|x64.ActiveCfg = Release|Any CPU
		{A51B14CC-B3D6-4EA9-84EF-AEAFFDC822AA}.AppStore|x64.Build.0 = Release|Any CPU
		{A51B14CC-B3D6-4EA9-84EF-AEAFFDC822AA}.AppStore|x64.Deploy.0 = Release|Any CPU
		{A51B14CC-B3D6-4EA9-84EF-AEAFFDC822AA}.AppStore|x86.ActiveCfg = Release|x86
		{A51B14CC-B3D6-4EA9-84EF-AEAFFDC822AA}.AppStore|x86.Build.0 = Release|x86
		{A51B14CC-B3D6-4EA9-84EF-AEAFFDC822AA}.AppStore|x86.Deploy.0 = Release|x86
		{A51B14CC-B3D6-4EA9-84EF-AEAFFDC822AA}.Debug|Any CPU.ActiveCfg = Debug|Any CPU
		{A51B14CC-B3D6-4EA9-84EF-AEAFFDC822AA}.Debug|Any CPU.Build.0 = Debug|Any CPU
		{A51B14CC-B3D6-4EA9-84EF-AEAFFDC822AA}.Debug|Any CPU.Deploy.0 = Debug|Any CPU
		{A51B14CC-B3D6-4EA9-84EF-AEAFFDC822AA}.Debug|ARM.ActiveCfg = Debug|ARM
		{A51B14CC-B3D6-4EA9-84EF-AEAFFDC822AA}.Debug|ARM.Build.0 = Debug|ARM
		{A51B14CC-B3D6-4EA9-84EF-AEAFFDC822AA}.Debug|ARM.Deploy.0 = Debug|ARM
		{A51B14CC-B3D6-4EA9-84EF-AEAFFDC822AA}.Debug|iPhone.ActiveCfg = Debug|Any CPU
		{A51B14CC-B3D6-4EA9-84EF-AEAFFDC822AA}.Debug|iPhone.Build.0 = Debug|Any CPU
		{A51B14CC-B3D6-4EA9-84EF-AEAFFDC822AA}.Debug|iPhone.Deploy.0 = Debug|Any CPU
		{A51B14CC-B3D6-4EA9-84EF-AEAFFDC822AA}.Debug|iPhoneSimulator.ActiveCfg = Debug|Any CPU
		{A51B14CC-B3D6-4EA9-84EF-AEAFFDC822AA}.Debug|iPhoneSimulator.Build.0 = Debug|Any CPU
		{A51B14CC-B3D6-4EA9-84EF-AEAFFDC822AA}.Debug|iPhoneSimulator.Deploy.0 = Debug|Any CPU
		{A51B14CC-B3D6-4EA9-84EF-AEAFFDC822AA}.Debug|x64.ActiveCfg = Debug|Any CPU
		{A51B14CC-B3D6-4EA9-84EF-AEAFFDC822AA}.Debug|x64.Build.0 = Debug|Any CPU
		{A51B14CC-B3D6-4EA9-84EF-AEAFFDC822AA}.Debug|x64.Deploy.0 = Debug|Any CPU
		{A51B14CC-B3D6-4EA9-84EF-AEAFFDC822AA}.Debug|x86.ActiveCfg = Debug|x86
		{A51B14CC-B3D6-4EA9-84EF-AEAFFDC822AA}.Debug|x86.Build.0 = Debug|x86
		{A51B14CC-B3D6-4EA9-84EF-AEAFFDC822AA}.Debug|x86.Deploy.0 = Debug|x86
		{A51B14CC-B3D6-4EA9-84EF-AEAFFDC822AA}.Release|Any CPU.ActiveCfg = Release|Any CPU
		{A51B14CC-B3D6-4EA9-84EF-AEAFFDC822AA}.Release|Any CPU.Build.0 = Release|Any CPU
		{A51B14CC-B3D6-4EA9-84EF-AEAFFDC822AA}.Release|Any CPU.Deploy.0 = Release|Any CPU
		{A51B14CC-B3D6-4EA9-84EF-AEAFFDC822AA}.Release|ARM.ActiveCfg = Release|ARM
		{A51B14CC-B3D6-4EA9-84EF-AEAFFDC822AA}.Release|ARM.Build.0 = Release|ARM
		{A51B14CC-B3D6-4EA9-84EF-AEAFFDC822AA}.Release|ARM.Deploy.0 = Release|ARM
		{A51B14CC-B3D6-4EA9-84EF-AEAFFDC822AA}.Release|iPhone.ActiveCfg = Release|Any CPU
		{A51B14CC-B3D6-4EA9-84EF-AEAFFDC822AA}.Release|iPhone.Build.0 = Release|Any CPU
		{A51B14CC-B3D6-4EA9-84EF-AEAFFDC822AA}.Release|iPhone.Deploy.0 = Release|Any CPU
		{A51B14CC-B3D6-4EA9-84EF-AEAFFDC822AA}.Release|iPhoneSimulator.ActiveCfg = Release|Any CPU
		{A51B14CC-B3D6-4EA9-84EF-AEAFFDC822AA}.Release|iPhoneSimulator.Build.0 = Release|Any CPU
		{A51B14CC-B3D6-4EA9-84EF-AEAFFDC822AA}.Release|iPhoneSimulator.Deploy.0 = Release|Any CPU
		{A51B14CC-B3D6-4EA9-84EF-AEAFFDC822AA}.Release|x64.ActiveCfg = Release|Any CPU
		{A51B14CC-B3D6-4EA9-84EF-AEAFFDC822AA}.Release|x64.Build.0 = Release|Any CPU
		{A51B14CC-B3D6-4EA9-84EF-AEAFFDC822AA}.Release|x64.Deploy.0 = Release|Any CPU
		{A51B14CC-B3D6-4EA9-84EF-AEAFFDC822AA}.Release|x86.ActiveCfg = Release|x86
		{A51B14CC-B3D6-4EA9-84EF-AEAFFDC822AA}.Release|x86.Build.0 = Release|x86
		{A51B14CC-B3D6-4EA9-84EF-AEAFFDC822AA}.Release|x86.Deploy.0 = Release|x86
		{EEC5C5C6-EED9-43D3-9E03-371D1926327F}.Ad-Hoc|Any CPU.ActiveCfg = Release|x86
		{EEC5C5C6-EED9-43D3-9E03-371D1926327F}.Ad-Hoc|Any CPU.Build.0 = Release|x86
		{EEC5C5C6-EED9-43D3-9E03-371D1926327F}.Ad-Hoc|Any CPU.Deploy.0 = Release|x86
		{EEC5C5C6-EED9-43D3-9E03-371D1926327F}.Ad-Hoc|ARM.ActiveCfg = Release|ARM
		{EEC5C5C6-EED9-43D3-9E03-371D1926327F}.Ad-Hoc|ARM.Build.0 = Release|ARM
		{EEC5C5C6-EED9-43D3-9E03-371D1926327F}.Ad-Hoc|ARM.Deploy.0 = Release|ARM
		{EEC5C5C6-EED9-43D3-9E03-371D1926327F}.Ad-Hoc|iPhone.ActiveCfg = Release|x86
		{EEC5C5C6-EED9-43D3-9E03-371D1926327F}.Ad-Hoc|iPhone.Build.0 = Release|x86
		{EEC5C5C6-EED9-43D3-9E03-371D1926327F}.Ad-Hoc|iPhone.Deploy.0 = Release|x86
		{EEC5C5C6-EED9-43D3-9E03-371D1926327F}.Ad-Hoc|iPhoneSimulator.ActiveCfg = Release|x86
		{EEC5C5C6-EED9-43D3-9E03-371D1926327F}.Ad-Hoc|iPhoneSimulator.Build.0 = Release|x86
		{EEC5C5C6-EED9-43D3-9E03-371D1926327F}.Ad-Hoc|iPhoneSimulator.Deploy.0 = Release|x86
		{EEC5C5C6-EED9-43D3-9E03-371D1926327F}.Ad-Hoc|x64.ActiveCfg = Release|x64
		{EEC5C5C6-EED9-43D3-9E03-371D1926327F}.Ad-Hoc|x64.Build.0 = Release|x64
		{EEC5C5C6-EED9-43D3-9E03-371D1926327F}.Ad-Hoc|x64.Deploy.0 = Release|x64
		{EEC5C5C6-EED9-43D3-9E03-371D1926327F}.Ad-Hoc|x86.ActiveCfg = Release|x86
		{EEC5C5C6-EED9-43D3-9E03-371D1926327F}.Ad-Hoc|x86.Build.0 = Release|x86
		{EEC5C5C6-EED9-43D3-9E03-371D1926327F}.Ad-Hoc|x86.Deploy.0 = Release|x86
		{EEC5C5C6-EED9-43D3-9E03-371D1926327F}.AppStore|Any CPU.ActiveCfg = Release|x86
		{EEC5C5C6-EED9-43D3-9E03-371D1926327F}.AppStore|Any CPU.Build.0 = Release|x86
		{EEC5C5C6-EED9-43D3-9E03-371D1926327F}.AppStore|Any CPU.Deploy.0 = Release|x86
		{EEC5C5C6-EED9-43D3-9E03-371D1926327F}.AppStore|ARM.ActiveCfg = Release|ARM
		{EEC5C5C6-EED9-43D3-9E03-371D1926327F}.AppStore|ARM.Build.0 = Release|ARM
		{EEC5C5C6-EED9-43D3-9E03-371D1926327F}.AppStore|ARM.Deploy.0 = Release|ARM
		{EEC5C5C6-EED9-43D3-9E03-371D1926327F}.AppStore|iPhone.ActiveCfg = Release|x86
		{EEC5C5C6-EED9-43D3-9E03-371D1926327F}.AppStore|iPhone.Build.0 = Release|x86
		{EEC5C5C6-EED9-43D3-9E03-371D1926327F}.AppStore|iPhone.Deploy.0 = Release|x86
		{EEC5C5C6-EED9-43D3-9E03-371D1926327F}.AppStore|iPhoneSimulator.ActiveCfg = Release|x86
		{EEC5C5C6-EED9-43D3-9E03-371D1926327F}.AppStore|iPhoneSimulator.Build.0 = Release|x86
		{EEC5C5C6-EED9-43D3-9E03-371D1926327F}.AppStore|iPhoneSimulator.Deploy.0 = Release|x86
		{EEC5C5C6-EED9-43D3-9E03-371D1926327F}.AppStore|x64.ActiveCfg = Release|x64
		{EEC5C5C6-EED9-43D3-9E03-371D1926327F}.AppStore|x64.Build.0 = Release|x64
		{EEC5C5C6-EED9-43D3-9E03-371D1926327F}.AppStore|x64.Deploy.0 = Release|x64
		{EEC5C5C6-EED9-43D3-9E03-371D1926327F}.AppStore|x86.ActiveCfg = Release|x86
		{EEC5C5C6-EED9-43D3-9E03-371D1926327F}.AppStore|x86.Build.0 = Release|x86
		{EEC5C5C6-EED9-43D3-9E03-371D1926327F}.AppStore|x86.Deploy.0 = Release|x86
		{EEC5C5C6-EED9-43D3-9E03-371D1926327F}.Debug|Any CPU.ActiveCfg = Debug|x86
		{EEC5C5C6-EED9-43D3-9E03-371D1926327F}.Debug|ARM.ActiveCfg = Debug|ARM
		{EEC5C5C6-EED9-43D3-9E03-371D1926327F}.Debug|ARM.Build.0 = Debug|ARM
		{EEC5C5C6-EED9-43D3-9E03-371D1926327F}.Debug|ARM.Deploy.0 = Debug|ARM
		{EEC5C5C6-EED9-43D3-9E03-371D1926327F}.Debug|iPhone.ActiveCfg = Debug|x86
		{EEC5C5C6-EED9-43D3-9E03-371D1926327F}.Debug|iPhoneSimulator.ActiveCfg = Debug|x86
		{EEC5C5C6-EED9-43D3-9E03-371D1926327F}.Debug|x64.ActiveCfg = Debug|x64
		{EEC5C5C6-EED9-43D3-9E03-371D1926327F}.Debug|x64.Build.0 = Debug|x64
		{EEC5C5C6-EED9-43D3-9E03-371D1926327F}.Debug|x64.Deploy.0 = Debug|x64
		{EEC5C5C6-EED9-43D3-9E03-371D1926327F}.Debug|x86.ActiveCfg = Debug|x86
		{EEC5C5C6-EED9-43D3-9E03-371D1926327F}.Debug|x86.Build.0 = Debug|x86
		{EEC5C5C6-EED9-43D3-9E03-371D1926327F}.Debug|x86.Deploy.0 = Debug|x86
		{EEC5C5C6-EED9-43D3-9E03-371D1926327F}.Release|Any CPU.ActiveCfg = Release|x86
		{EEC5C5C6-EED9-43D3-9E03-371D1926327F}.Release|ARM.ActiveCfg = Release|ARM
		{EEC5C5C6-EED9-43D3-9E03-371D1926327F}.Release|ARM.Build.0 = Release|ARM
		{EEC5C5C6-EED9-43D3-9E03-371D1926327F}.Release|ARM.Deploy.0 = Release|ARM
		{EEC5C5C6-EED9-43D3-9E03-371D1926327F}.Release|iPhone.ActiveCfg = Release|x86
		{EEC5C5C6-EED9-43D3-9E03-371D1926327F}.Release|iPhoneSimulator.ActiveCfg = Release|x86
		{EEC5C5C6-EED9-43D3-9E03-371D1926327F}.Release|x64.ActiveCfg = Release|x64
		{EEC5C5C6-EED9-43D3-9E03-371D1926327F}.Release|x64.Build.0 = Release|x64
		{EEC5C5C6-EED9-43D3-9E03-371D1926327F}.Release|x64.Deploy.0 = Release|x64
		{EEC5C5C6-EED9-43D3-9E03-371D1926327F}.Release|x86.ActiveCfg = Release|x86
		{EEC5C5C6-EED9-43D3-9E03-371D1926327F}.Release|x86.Build.0 = Release|x86
		{EEC5C5C6-EED9-43D3-9E03-371D1926327F}.Release|x86.Deploy.0 = Release|x86
		{827A0E47-7C15-4DDC-BB81-04528190672A}.Ad-Hoc|Any CPU.ActiveCfg = Release|Any CPU
		{827A0E47-7C15-4DDC-BB81-04528190672A}.Ad-Hoc|Any CPU.Build.0 = Release|Any CPU
		{827A0E47-7C15-4DDC-BB81-04528190672A}.Ad-Hoc|Any CPU.Deploy.0 = Release|Any CPU
		{827A0E47-7C15-4DDC-BB81-04528190672A}.Ad-Hoc|ARM.ActiveCfg = Release|ARM
		{827A0E47-7C15-4DDC-BB81-04528190672A}.Ad-Hoc|ARM.Build.0 = Release|ARM
		{827A0E47-7C15-4DDC-BB81-04528190672A}.Ad-Hoc|ARM.Deploy.0 = Release|ARM
		{827A0E47-7C15-4DDC-BB81-04528190672A}.Ad-Hoc|iPhone.ActiveCfg = Release|Any CPU
		{827A0E47-7C15-4DDC-BB81-04528190672A}.Ad-Hoc|iPhone.Build.0 = Release|Any CPU
		{827A0E47-7C15-4DDC-BB81-04528190672A}.Ad-Hoc|iPhone.Deploy.0 = Release|Any CPU
		{827A0E47-7C15-4DDC-BB81-04528190672A}.Ad-Hoc|iPhoneSimulator.ActiveCfg = Release|Any CPU
		{827A0E47-7C15-4DDC-BB81-04528190672A}.Ad-Hoc|iPhoneSimulator.Build.0 = Release|Any CPU
		{827A0E47-7C15-4DDC-BB81-04528190672A}.Ad-Hoc|iPhoneSimulator.Deploy.0 = Release|Any CPU
		{827A0E47-7C15-4DDC-BB81-04528190672A}.Ad-Hoc|x64.ActiveCfg = Release|x64
		{827A0E47-7C15-4DDC-BB81-04528190672A}.Ad-Hoc|x64.Build.0 = Release|x64
		{827A0E47-7C15-4DDC-BB81-04528190672A}.Ad-Hoc|x64.Deploy.0 = Release|x64
		{827A0E47-7C15-4DDC-BB81-04528190672A}.Ad-Hoc|x86.ActiveCfg = Release|x86
		{827A0E47-7C15-4DDC-BB81-04528190672A}.Ad-Hoc|x86.Build.0 = Release|x86
		{827A0E47-7C15-4DDC-BB81-04528190672A}.Ad-Hoc|x86.Deploy.0 = Release|x86
		{827A0E47-7C15-4DDC-BB81-04528190672A}.AppStore|Any CPU.ActiveCfg = Release|Any CPU
		{827A0E47-7C15-4DDC-BB81-04528190672A}.AppStore|Any CPU.Build.0 = Release|Any CPU
		{827A0E47-7C15-4DDC-BB81-04528190672A}.AppStore|Any CPU.Deploy.0 = Release|Any CPU
		{827A0E47-7C15-4DDC-BB81-04528190672A}.AppStore|ARM.ActiveCfg = Release|ARM
		{827A0E47-7C15-4DDC-BB81-04528190672A}.AppStore|ARM.Build.0 = Release|ARM
		{827A0E47-7C15-4DDC-BB81-04528190672A}.AppStore|ARM.Deploy.0 = Release|ARM
		{827A0E47-7C15-4DDC-BB81-04528190672A}.AppStore|iPhone.ActiveCfg = Release|Any CPU
		{827A0E47-7C15-4DDC-BB81-04528190672A}.AppStore|iPhone.Build.0 = Release|Any CPU
		{827A0E47-7C15-4DDC-BB81-04528190672A}.AppStore|iPhone.Deploy.0 = Release|Any CPU
		{827A0E47-7C15-4DDC-BB81-04528190672A}.AppStore|iPhoneSimulator.ActiveCfg = Release|Any CPU
		{827A0E47-7C15-4DDC-BB81-04528190672A}.AppStore|iPhoneSimulator.Build.0 = Release|Any CPU
		{827A0E47-7C15-4DDC-BB81-04528190672A}.AppStore|iPhoneSimulator.Deploy.0 = Release|Any CPU
		{827A0E47-7C15-4DDC-BB81-04528190672A}.AppStore|x64.ActiveCfg = Release|x64
		{827A0E47-7C15-4DDC-BB81-04528190672A}.AppStore|x64.Build.0 = Release|x64
		{827A0E47-7C15-4DDC-BB81-04528190672A}.AppStore|x64.Deploy.0 = Release|x64
		{827A0E47-7C15-4DDC-BB81-04528190672A}.AppStore|x86.ActiveCfg = Release|x86
		{827A0E47-7C15-4DDC-BB81-04528190672A}.AppStore|x86.Build.0 = Release|x86
		{827A0E47-7C15-4DDC-BB81-04528190672A}.AppStore|x86.Deploy.0 = Release|x86
		{827A0E47-7C15-4DDC-BB81-04528190672A}.Debug|Any CPU.ActiveCfg = Debug|Any CPU
		{827A0E47-7C15-4DDC-BB81-04528190672A}.Debug|Any CPU.Build.0 = Debug|Any CPU
		{827A0E47-7C15-4DDC-BB81-04528190672A}.Debug|Any CPU.Deploy.0 = Debug|Any CPU
		{827A0E47-7C15-4DDC-BB81-04528190672A}.Debug|ARM.ActiveCfg = Debug|ARM
		{827A0E47-7C15-4DDC-BB81-04528190672A}.Debug|ARM.Build.0 = Debug|ARM
		{827A0E47-7C15-4DDC-BB81-04528190672A}.Debug|ARM.Deploy.0 = Debug|ARM
		{827A0E47-7C15-4DDC-BB81-04528190672A}.Debug|iPhone.ActiveCfg = Debug|Any CPU
		{827A0E47-7C15-4DDC-BB81-04528190672A}.Debug|iPhone.Build.0 = Debug|Any CPU
		{827A0E47-7C15-4DDC-BB81-04528190672A}.Debug|iPhone.Deploy.0 = Debug|Any CPU
		{827A0E47-7C15-4DDC-BB81-04528190672A}.Debug|iPhoneSimulator.ActiveCfg = Debug|Any CPU
		{827A0E47-7C15-4DDC-BB81-04528190672A}.Debug|iPhoneSimulator.Build.0 = Debug|Any CPU
		{827A0E47-7C15-4DDC-BB81-04528190672A}.Debug|iPhoneSimulator.Deploy.0 = Debug|Any CPU
		{827A0E47-7C15-4DDC-BB81-04528190672A}.Debug|x64.ActiveCfg = Debug|x64
		{827A0E47-7C15-4DDC-BB81-04528190672A}.Debug|x64.Build.0 = Debug|x64
		{827A0E47-7C15-4DDC-BB81-04528190672A}.Debug|x64.Deploy.0 = Debug|x64
		{827A0E47-7C15-4DDC-BB81-04528190672A}.Debug|x86.ActiveCfg = Debug|x86
		{827A0E47-7C15-4DDC-BB81-04528190672A}.Debug|x86.Build.0 = Debug|x86
		{827A0E47-7C15-4DDC-BB81-04528190672A}.Debug|x86.Deploy.0 = Debug|x86
		{827A0E47-7C15-4DDC-BB81-04528190672A}.Release|Any CPU.ActiveCfg = Release|Any CPU
		{827A0E47-7C15-4DDC-BB81-04528190672A}.Release|Any CPU.Build.0 = Release|Any CPU
		{827A0E47-7C15-4DDC-BB81-04528190672A}.Release|Any CPU.Deploy.0 = Release|Any CPU
		{827A0E47-7C15-4DDC-BB81-04528190672A}.Release|ARM.ActiveCfg = Release|ARM
		{827A0E47-7C15-4DDC-BB81-04528190672A}.Release|ARM.Build.0 = Release|ARM
		{827A0E47-7C15-4DDC-BB81-04528190672A}.Release|ARM.Deploy.0 = Release|ARM
		{827A0E47-7C15-4DDC-BB81-04528190672A}.Release|iPhone.ActiveCfg = Release|Any CPU
		{827A0E47-7C15-4DDC-BB81-04528190672A}.Release|iPhone.Build.0 = Release|Any CPU
		{827A0E47-7C15-4DDC-BB81-04528190672A}.Release|iPhone.Deploy.0 = Release|Any CPU
		{827A0E47-7C15-4DDC-BB81-04528190672A}.Release|iPhoneSimulator.ActiveCfg = Release|Any CPU
		{827A0E47-7C15-4DDC-BB81-04528190672A}.Release|iPhoneSimulator.Build.0 = Release|Any CPU
		{827A0E47-7C15-4DDC-BB81-04528190672A}.Release|iPhoneSimulator.Deploy.0 = Release|Any CPU
		{827A0E47-7C15-4DDC-BB81-04528190672A}.Release|x64.ActiveCfg = Release|x64
		{827A0E47-7C15-4DDC-BB81-04528190672A}.Release|x64.Build.0 = Release|x64
		{827A0E47-7C15-4DDC-BB81-04528190672A}.Release|x64.Deploy.0 = Release|x64
		{827A0E47-7C15-4DDC-BB81-04528190672A}.Release|x86.ActiveCfg = Release|x86
		{827A0E47-7C15-4DDC-BB81-04528190672A}.Release|x86.Build.0 = Release|x86
		{827A0E47-7C15-4DDC-BB81-04528190672A}.Release|x86.Deploy.0 = Release|x86
	EndGlobalSection
	GlobalSection(SolutionProperties) = preSolution
		HideSolutionNode = FALSE
	EndGlobalSection
EndGlobal
